
Microsoft Visual Studio Solution File, Format Version 12.00
# Visual Studio 2013
VisualStudioVersion = 12.0.30723.0
MinimumVisualStudioVersion = 10.0.40219.1
Project("{FAE04EC0-301F-11D3-BF4B-00C04F79EFBC}") = "01-03-CountriesWeb", "CountriesWeb\01-03-CountriesWeb.csproj", "{69705A38-73D4-46FB-A016-2627249E6CFC}"
EndProject
Project("{FAE04EC0-301F-11D3-BF4B-00C04F79EFBC}") = "00-CountriesData", "CountriesData\00-CountriesData.csproj", "{73AEA03B-818D-4AC5-AAE0-85A4DCD36F6F}"
EndProject
Project("{FAE04EC0-301F-11D3-BF4B-00C04F79EFBC}") = "00-GenerateCountriesDB", "GenerateCountriesDB\00-GenerateCountriesDB.csproj", "{9B9DDFF5-193F-4128-B653-B78DE0967458}"
EndProject
Project("{FAE04EC0-301F-11D3-BF4B-00C04F79EFBC}") = "04-TodoList", "TodoList\04-TodoList.csproj", "{597AC83E-14B9-4B1D-88A8-E488B13B19B9}"
EndProject
Project("{2150E333-8FDC-42A3-9474-1A3956D46DE8}") = "Solution Items", "Solution Items", "{111DE338-3A51-4F68-8F2C-4C5ED95151BF}"
	ProjectSection(SolutionItems) = preProject
		Readme.txt = Readme.txt
	EndProjectSection
EndProject
Global
	GlobalSection(SolutionConfigurationPlatforms) = preSolution
		Debug|Any CPU = Debug|Any CPU
		Release|Any CPU = Release|Any CPU
	EndGlobalSection
	GlobalSection(ProjectConfigurationPlatforms) = postSolution
		{69705A38-73D4-46FB-A016-2627249E6CFC}.Debug|Any CPU.ActiveCfg = Debug|Any CPU
		{69705A38-73D4-46FB-A016-2627249E6CFC}.Debug|Any CPU.Build.0 = Debug|Any CPU
		{69705A38-73D4-46FB-A016-2627249E6CFC}.Release|Any CPU.ActiveCfg = Release|Any CPU
		{69705A38-73D4-46FB-A016-2627249E6CFC}.Release|Any CPU.Build.0 = Release|Any CPU
		{73AEA03B-818D-4AC5-AAE0-85A4DCD36F6F}.Debug|Any CPU.ActiveCfg = Debug|Any CPU
		{73AEA03B-818D-4AC5-AAE0-85A4DCD36F6F}.Debug|Any CPU.Build.0 = Debug|Any CPU
		{73AEA03B-818D-4AC5-AAE0-85A4DCD36F6F}.Release|Any CPU.ActiveCfg = Release|Any CPU
		{73AEA03B-818D-4AC5-AAE0-85A4DCD36F6F}.Release|Any CPU.Build.0 = Release|Any CPU
		{9B9DDFF5-193F-4128-B653-B78DE0967458}.Debug|Any CPU.ActiveCfg = Debug|Any CPU
		{9B9DDFF5-193F-4128-B653-B78DE0967458}.Debug|Any CPU.Build.0 = Debug|Any CPU
		{9B9DDFF5-193F-4128-B653-B78DE0967458}.Release|Any CPU.ActiveCfg = Release|Any CPU
		{9B9DDFF5-193F-4128-B653-B78DE0967458}.Release|Any CPU.Build.0 = Release|Any CPU
		{597AC83E-14B9-4B1D-88A8-E488B13B19B9}.Debug|Any CPU.ActiveCfg = Debug|Any CPU
		{597AC83E-14B9-4B1D-88A8-E488B13B19B9}.Debug|Any CPU.Build.0 = Debug|Any CPU
		{597AC83E-14B9-4B1D-88A8-E488B13B19B9}.Release|Any CPU.ActiveCfg = Release|Any CPU
		{597AC83E-14B9-4B1D-88A8-E488B13B19B9}.Release|Any CPU.Build.0 = Release|Any CPU
	EndGlobalSection
	GlobalSection(SolutionProperties) = preSolution
		HideSolutionNode = FALSE
	EndGlobalSection
EndGlobal
