
Microsoft Visual Studio Solution File, Format Version 12.00
# Visual Studio Express 2013 for Windows Desktop
VisualStudioVersion = 12.0.21005.1
MinimumVisualStudioVersion = 10.0.40219.1
Project("{FAE04EC0-301F-11D3-BF4B-00C04F79EFBC}") = "01 MultiverseCommunication", "MultiverseCommunication\01 MultiverseCommunication.csproj", "{643C6C39-F600-49D4-ADA5-FB3229CE1D10}"
EndProject
Project("{FAE04EC0-301F-11D3-BF4B-00C04F79EFBC}") = "02 MagicWords", "MagicWords\02 MagicWords.csproj", "{650E0234-1493-40CA-A15F-C6316474AC2D}"
EndProject
Project("{FAE04EC0-301F-11D3-BF4B-00C04F79EFBC}") = "04 DecodeAndDecrypt", "DecodeAndDecrypt\04 DecodeAndDecrypt.csproj", "{0291F7EB-3ABD-4151-B0CA-6E12C2223497}"
EndProject
Project("{FAE04EC0-301F-11D3-BF4B-00C04F79EFBC}") = "05 FeaturingWithGrisko", "FeaturingWithGrisko\05 FeaturingWithGrisko.csproj", "{014D221D-B463-4A19-A387-1D6236639C20}"
EndProject
Project("{FAE04EC0-301F-11D3-BF4B-00C04F79EFBC}") = "03 Tron3D", "Tron3D\03 Tron3D.csproj", "{B2F3BEBB-5949-441A-82FB-42FB3B8224D6}"
EndProject
Global
	GlobalSection(SolutionConfigurationPlatforms) = preSolution
		Debug|Any CPU = Debug|Any CPU
		Release|Any CPU = Release|Any CPU
	EndGlobalSection
	GlobalSection(ProjectConfigurationPlatforms) = postSolution
		{643C6C39-F600-49D4-ADA5-FB3229CE1D10}.Debug|Any CPU.ActiveCfg = Debug|Any CPU
		{643C6C39-F600-49D4-ADA5-FB3229CE1D10}.Debug|Any CPU.Build.0 = Debug|Any CPU
		{643C6C39-F600-49D4-ADA5-FB3229CE1D10}.Release|Any CPU.ActiveCfg = Release|Any CPU
		{643C6C39-F600-49D4-ADA5-FB3229CE1D10}.Release|Any CPU.Build.0 = Release|Any CPU
		{650E0234-1493-40CA-A15F-C6316474AC2D}.Debug|Any CPU.ActiveCfg = Debug|Any CPU
		{650E0234-1493-40CA-A15F-C6316474AC2D}.Debug|Any CPU.Build.0 = Debug|Any CPU
		{650E0234-1493-40CA-A15F-C6316474AC2D}.Release|Any CPU.ActiveCfg = Release|Any CPU
		{650E0234-1493-40CA-A15F-C6316474AC2D}.Release|Any CPU.Build.0 = Release|Any CPU
		{0291F7EB-3ABD-4151-B0CA-6E12C2223497}.Debug|Any CPU.ActiveCfg = Debug|Any CPU
		{0291F7EB-3ABD-4151-B0CA-6E12C2223497}.Debug|Any CPU.Build.0 = Debug|Any CPU
		{0291F7EB-3ABD-4151-B0CA-6E12C2223497}.Release|Any CPU.ActiveCfg = Release|Any CPU
		{0291F7EB-3ABD-4151-B0CA-6E12C2223497}.Release|Any CPU.Build.0 = Release|Any CPU
		{014D221D-B463-4A19-A387-1D6236639C20}.Debug|Any CPU.ActiveCfg = Debug|Any CPU
		{014D221D-B463-4A19-A387-1D6236639C20}.Debug|Any CPU.Build.0 = Debug|Any CPU
		{014D221D-B463-4A19-A387-1D6236639C20}.Release|Any CPU.ActiveCfg = Release|Any CPU
		{014D221D-B463-4A19-A387-1D6236639C20}.Release|Any CPU.Build.0 = Release|Any CPU
		{B2F3BEBB-5949-441A-82FB-42FB3B8224D6}.Debug|Any CPU.ActiveCfg = Debug|Any CPU
		{B2F3BEBB-5949-441A-82FB-42FB3B8224D6}.Debug|Any CPU.Build.0 = Debug|Any CPU
		{B2F3BEBB-5949-441A-82FB-42FB3B8224D6}.Release|Any CPU.ActiveCfg = Release|Any CPU
		{B2F3BEBB-5949-441A-82FB-42FB3B8224D6}.Release|Any CPU.Build.0 = Release|Any CPU
	EndGlobalSection
	GlobalSection(SolutionProperties) = preSolution
		HideSolutionNode = FALSE
	EndGlobalSection
EndGlobal
