
Microsoft Visual Studio Solution File, Format Version 12.00
# Visual Studio 2013
VisualStudioVersion = 12.0.30723.0
MinimumVisualStudioVersion = 10.0.40219.1
Project("{FAE04EC0-301F-11D3-BF4B-00C04F79EFBC}") = "ATM.Model", "ATM.Model\ATM.Model.csproj", "{465554B1-0E5D-491C-8B52-30A5E61BE736}"
EndProject
Project("{FAE04EC0-301F-11D3-BF4B-00C04F79EFBC}") = "ATM.Data", "ATM.Data\ATM.Data.csproj", "{CCB9287D-B821-40DC-86FA-F9C37274F9E5}"
EndProject
Project("{FAE04EC0-301F-11D3-BF4B-00C04F79EFBC}") = "ATM.ConsoleClient", "ATM.ConsoleClient\ATM.ConsoleClient.csproj", "{6CF19D70-AD48-4FFE-9D76-0AC9CF8A78FE}"
EndProject
Global
	GlobalSection(SolutionConfigurationPlatforms) = preSolution
		Debug|Any CPU = Debug|Any CPU
		Release|Any CPU = Release|Any CPU
	EndGlobalSection
	GlobalSection(ProjectConfigurationPlatforms) = postSolution
		{465554B1-0E5D-491C-8B52-30A5E61BE736}.Debug|Any CPU.ActiveCfg = Debug|Any CPU
		{465554B1-0E5D-491C-8B52-30A5E61BE736}.Debug|Any CPU.Build.0 = Debug|Any CPU
		{465554B1-0E5D-491C-8B52-30A5E61BE736}.Release|Any CPU.ActiveCfg = Release|Any CPU
		{465554B1-0E5D-491C-8B52-30A5E61BE736}.Release|Any CPU.Build.0 = Release|Any CPU
		{CCB9287D-B821-40DC-86FA-F9C37274F9E5}.Debug|Any CPU.ActiveCfg = Debug|Any CPU
		{CCB9287D-B821-40DC-86FA-F9C37274F9E5}.Debug|Any CPU.Build.0 = Debug|Any CPU
		{CCB9287D-B821-40DC-86FA-F9C37274F9E5}.Release|Any CPU.ActiveCfg = Release|Any CPU
		{CCB9287D-B821-40DC-86FA-F9C37274F9E5}.Release|Any CPU.Build.0 = Release|Any CPU
		{6CF19D70-AD48-4FFE-9D76-0AC9CF8A78FE}.Debug|Any CPU.ActiveCfg = Debug|Any CPU
		{6CF19D70-AD48-4FFE-9D76-0AC9CF8A78FE}.Debug|Any CPU.Build.0 = Debug|Any CPU
		{6CF19D70-AD48-4FFE-9D76-0AC9CF8A78FE}.Release|Any CPU.ActiveCfg = Release|Any CPU
		{6CF19D70-AD48-4FFE-9D76-0AC9CF8A78FE}.Release|Any CPU.Build.0 = Release|Any CPU
	EndGlobalSection
	GlobalSection(SolutionProperties) = preSolution
		HideSolutionNode = FALSE
	EndGlobalSection
EndGlobal
