
Microsoft Visual Studio Solution File, Format Version 12.00
# Visual Studio 2013
VisualStudioVersion = 12.0.30723.0
MinimumVisualStudioVersion = 10.0.40219.1
Project("{FAE04EC0-301F-11D3-BF4B-00C04F79EFBC}") = "01-RegisterForm", "RegisterForm\01-RegisterForm.csproj", "{6896F975-0BA7-4665-A8CF-ACFDE5BD40DE}"
EndProject
Project("{FAE04EC0-301F-11D3-BF4B-00C04F79EFBC}") = "GroupValidation", "GroupValidation\GroupValidation.csproj", "{5B6E8BF5-2EF0-4A8B-82F0-F5B142C48EFB}"
EndProject
Global
	GlobalSection(SolutionConfigurationPlatforms) = preSolution
		Debug|Any CPU = Debug|Any CPU
		Release|Any CPU = Release|Any CPU
	EndGlobalSection
	GlobalSection(ProjectConfigurationPlatforms) = postSolution
		{6896F975-0BA7-4665-A8CF-ACFDE5BD40DE}.Debug|Any CPU.ActiveCfg = Debug|Any CPU
		{6896F975-0BA7-4665-A8CF-ACFDE5BD40DE}.Debug|Any CPU.Build.0 = Debug|Any CPU
		{6896F975-0BA7-4665-A8CF-ACFDE5BD40DE}.Release|Any CPU.ActiveCfg = Release|Any CPU
		{6896F975-0BA7-4665-A8CF-ACFDE5BD40DE}.Release|Any CPU.Build.0 = Release|Any CPU
		{5B6E8BF5-2EF0-4A8B-82F0-F5B142C48EFB}.Debug|Any CPU.ActiveCfg = Debug|Any CPU
		{5B6E8BF5-2EF0-4A8B-82F0-F5B142C48EFB}.Debug|Any CPU.Build.0 = Debug|Any CPU
		{5B6E8BF5-2EF0-4A8B-82F0-F5B142C48EFB}.Release|Any CPU.ActiveCfg = Release|Any CPU
		{5B6E8BF5-2EF0-4A8B-82F0-F5B142C48EFB}.Release|Any CPU.Build.0 = Release|Any CPU
	EndGlobalSection
	GlobalSection(SolutionProperties) = preSolution
		HideSolutionNode = FALSE
	EndGlobalSection
EndGlobal
