
Microsoft Visual Studio Solution File, Format Version 12.00
# Visual Studio Express 2013 for Windows Desktop
VisualStudioVersion = 12.0.21005.1
MinimumVisualStudioVersion = 10.0.40219.1
Project("{FAE04EC0-301F-11D3-BF4B-00C04F79EFBC}") = "01.SevenlandNumbers", "SevenlandNumbers\01.SevenlandNumbers.csproj", "{C575DA0F-7918-4D7E-AC7F-8D7028E7FD65}"
EndProject
Project("{FAE04EC0-301F-11D3-BF4B-00C04F79EFBC}") = "02.A-nacci", "A-nacci\02.A-nacci.csproj", "{49093E78-6D78-4779-8817-4E5429E57946}"
EndProject
Project("{FAE04EC0-301F-11D3-BF4B-00C04F79EFBC}") = "03.ExcelColumns", "ExcelColumns\03.ExcelColumns.csproj", "{B4E9BE6D-8D61-420E-B316-D75B7845D5E6}"
EndProject
Project("{FAE04EC0-301F-11D3-BF4B-00C04F79EFBC}") = "04.TelerikLogo", "TelerikLogo\04.TelerikLogo.csproj", "{6B2E5BE7-3390-45FA-8BC2-8992426CB3FF}"
EndProject
Project("{FAE04EC0-301F-11D3-BF4B-00C04F79EFBC}") = "05.BitBall", "BitBall\05.BitBall.csproj", "{6B72D913-DE38-4CE5-944B-BDE540253AE8}"
EndProject
Global
	GlobalSection(SolutionConfigurationPlatforms) = preSolution
		Debug|Any CPU = Debug|Any CPU
		Release|Any CPU = Release|Any CPU
	EndGlobalSection
	GlobalSection(ProjectConfigurationPlatforms) = postSolution
		{C575DA0F-7918-4D7E-AC7F-8D7028E7FD65}.Debug|Any CPU.ActiveCfg = Debug|Any CPU
		{C575DA0F-7918-4D7E-AC7F-8D7028E7FD65}.Debug|Any CPU.Build.0 = Debug|Any CPU
		{C575DA0F-7918-4D7E-AC7F-8D7028E7FD65}.Release|Any CPU.ActiveCfg = Release|Any CPU
		{C575DA0F-7918-4D7E-AC7F-8D7028E7FD65}.Release|Any CPU.Build.0 = Release|Any CPU
		{49093E78-6D78-4779-8817-4E5429E57946}.Debug|Any CPU.ActiveCfg = Debug|Any CPU
		{49093E78-6D78-4779-8817-4E5429E57946}.Debug|Any CPU.Build.0 = Debug|Any CPU
		{49093E78-6D78-4779-8817-4E5429E57946}.Release|Any CPU.ActiveCfg = Release|Any CPU
		{49093E78-6D78-4779-8817-4E5429E57946}.Release|Any CPU.Build.0 = Release|Any CPU
		{B4E9BE6D-8D61-420E-B316-D75B7845D5E6}.Debug|Any CPU.ActiveCfg = Debug|Any CPU
		{B4E9BE6D-8D61-420E-B316-D75B7845D5E6}.Debug|Any CPU.Build.0 = Debug|Any CPU
		{B4E9BE6D-8D61-420E-B316-D75B7845D5E6}.Release|Any CPU.ActiveCfg = Release|Any CPU
		{B4E9BE6D-8D61-420E-B316-D75B7845D5E6}.Release|Any CPU.Build.0 = Release|Any CPU
		{6B2E5BE7-3390-45FA-8BC2-8992426CB3FF}.Debug|Any CPU.ActiveCfg = Debug|Any CPU
		{6B2E5BE7-3390-45FA-8BC2-8992426CB3FF}.Debug|Any CPU.Build.0 = Debug|Any CPU
		{6B2E5BE7-3390-45FA-8BC2-8992426CB3FF}.Release|Any CPU.ActiveCfg = Release|Any CPU
		{6B2E5BE7-3390-45FA-8BC2-8992426CB3FF}.Release|Any CPU.Build.0 = Release|Any CPU
		{6B72D913-DE38-4CE5-944B-BDE540253AE8}.Debug|Any CPU.ActiveCfg = Debug|Any CPU
		{6B72D913-DE38-4CE5-944B-BDE540253AE8}.Debug|Any CPU.Build.0 = Debug|Any CPU
		{6B72D913-DE38-4CE5-944B-BDE540253AE8}.Release|Any CPU.ActiveCfg = Release|Any CPU
		{6B72D913-DE38-4CE5-944B-BDE540253AE8}.Release|Any CPU.Build.0 = Release|Any CPU
	EndGlobalSection
	GlobalSection(SolutionProperties) = preSolution
		HideSolutionNode = FALSE
	EndGlobalSection
EndGlobal
