
Microsoft Visual Studio Solution File, Format Version 12.00
# Visual Studio Express 2013 for Windows Desktop
VisualStudioVersion = 12.0.21005.1
MinimumVisualStudioVersion = 10.0.40219.1
Project("{FAE04EC0-301F-11D3-BF4B-00C04F79EFBC}") = "01,08 DecimalToBinaryExample", "DecimalToBinaryExample\01,08 DecimalToBinaryExample.csproj", "{83262845-F6B8-44A9-87AF-F063E7DE79AA}"
EndProject
Project("{FAE04EC0-301F-11D3-BF4B-00C04F79EFBC}") = "02 BynaryToDecimalExample", "BynaryToDecimalExample\02 BynaryToDecimalExample.csproj", "{5CCAEBBE-31BB-4A3A-98DC-DD729A21F629}"
EndProject
Project("{FAE04EC0-301F-11D3-BF4B-00C04F79EFBC}") = "03 DecimalToHexadecimal", "DecimalToHexadecimal\03 DecimalToHexadecimal.csproj", "{3715C2D6-5C21-4380-A2B7-8648403CF105}"
EndProject
Project("{FAE04EC0-301F-11D3-BF4B-00C04F79EFBC}") = "04 HexadecimalToDecimalExample", "HexadecimalToDecimalExample\04 HexadecimalToDecimalExample.csproj", "{970E99BD-CC15-4ADE-A0D0-B8F11EA1018C}"
EndProject
Project("{FAE04EC0-301F-11D3-BF4B-00C04F79EFBC}") = "05 HexadecimalToBinaryExample", "HaxadecimalToBinaryExample\05 HexadecimalToBinaryExample.csproj", "{1B8ABCD8-EDDE-40B6-8A1B-A098FDCF255C}"
EndProject
Project("{FAE04EC0-301F-11D3-BF4B-00C04F79EFBC}") = "06 BinaryToHexadecimalExample", "BinaryToHexadecimalExample\06 BinaryToHexadecimalExample.csproj", "{45E87CBC-16BD-48A3-91F9-171E385BC33B}"
EndProject
Project("{FAE04EC0-301F-11D3-BF4B-00C04F79EFBC}") = "07 ConvertNumberExample", "ConvertNumberExample\07 ConvertNumberExample.csproj", "{0BEBD67F-D4D1-4DA4-AA6C-9C4EFE992A00}"
EndProject
Project("{FAE04EC0-301F-11D3-BF4B-00C04F79EFBC}") = "09 FloatNumberBinary", "FloatNumberBinary\09 FloatNumberBinary.csproj", "{FE003881-2E2E-4CC1-8139-2FBA4837618F}"
EndProject
Global
	GlobalSection(SolutionConfigurationPlatforms) = preSolution
		Debug|Any CPU = Debug|Any CPU
		Release|Any CPU = Release|Any CPU
	EndGlobalSection
	GlobalSection(ProjectConfigurationPlatforms) = postSolution
		{83262845-F6B8-44A9-87AF-F063E7DE79AA}.Debug|Any CPU.ActiveCfg = Debug|Any CPU
		{83262845-F6B8-44A9-87AF-F063E7DE79AA}.Debug|Any CPU.Build.0 = Debug|Any CPU
		{83262845-F6B8-44A9-87AF-F063E7DE79AA}.Release|Any CPU.ActiveCfg = Release|Any CPU
		{83262845-F6B8-44A9-87AF-F063E7DE79AA}.Release|Any CPU.Build.0 = Release|Any CPU
		{5CCAEBBE-31BB-4A3A-98DC-DD729A21F629}.Debug|Any CPU.ActiveCfg = Debug|Any CPU
		{5CCAEBBE-31BB-4A3A-98DC-DD729A21F629}.Debug|Any CPU.Build.0 = Debug|Any CPU
		{5CCAEBBE-31BB-4A3A-98DC-DD729A21F629}.Release|Any CPU.ActiveCfg = Release|Any CPU
		{5CCAEBBE-31BB-4A3A-98DC-DD729A21F629}.Release|Any CPU.Build.0 = Release|Any CPU
		{3715C2D6-5C21-4380-A2B7-8648403CF105}.Debug|Any CPU.ActiveCfg = Debug|Any CPU
		{3715C2D6-5C21-4380-A2B7-8648403CF105}.Debug|Any CPU.Build.0 = Debug|Any CPU
		{3715C2D6-5C21-4380-A2B7-8648403CF105}.Release|Any CPU.ActiveCfg = Release|Any CPU
		{3715C2D6-5C21-4380-A2B7-8648403CF105}.Release|Any CPU.Build.0 = Release|Any CPU
		{970E99BD-CC15-4ADE-A0D0-B8F11EA1018C}.Debug|Any CPU.ActiveCfg = Debug|Any CPU
		{970E99BD-CC15-4ADE-A0D0-B8F11EA1018C}.Debug|Any CPU.Build.0 = Debug|Any CPU
		{970E99BD-CC15-4ADE-A0D0-B8F11EA1018C}.Release|Any CPU.ActiveCfg = Release|Any CPU
		{970E99BD-CC15-4ADE-A0D0-B8F11EA1018C}.Release|Any CPU.Build.0 = Release|Any CPU
		{1B8ABCD8-EDDE-40B6-8A1B-A098FDCF255C}.Debug|Any CPU.ActiveCfg = Debug|Any CPU
		{1B8ABCD8-EDDE-40B6-8A1B-A098FDCF255C}.Debug|Any CPU.Build.0 = Debug|Any CPU
		{1B8ABCD8-EDDE-40B6-8A1B-A098FDCF255C}.Release|Any CPU.ActiveCfg = Release|Any CPU
		{1B8ABCD8-EDDE-40B6-8A1B-A098FDCF255C}.Release|Any CPU.Build.0 = Release|Any CPU
		{45E87CBC-16BD-48A3-91F9-171E385BC33B}.Debug|Any CPU.ActiveCfg = Debug|Any CPU
		{45E87CBC-16BD-48A3-91F9-171E385BC33B}.Debug|Any CPU.Build.0 = Debug|Any CPU
		{45E87CBC-16BD-48A3-91F9-171E385BC33B}.Release|Any CPU.ActiveCfg = Release|Any CPU
		{45E87CBC-16BD-48A3-91F9-171E385BC33B}.Release|Any CPU.Build.0 = Release|Any CPU
		{0BEBD67F-D4D1-4DA4-AA6C-9C4EFE992A00}.Debug|Any CPU.ActiveCfg = Debug|Any CPU
		{0BEBD67F-D4D1-4DA4-AA6C-9C4EFE992A00}.Debug|Any CPU.Build.0 = Debug|Any CPU
		{0BEBD67F-D4D1-4DA4-AA6C-9C4EFE992A00}.Release|Any CPU.ActiveCfg = Release|Any CPU
		{0BEBD67F-D4D1-4DA4-AA6C-9C4EFE992A00}.Release|Any CPU.Build.0 = Release|Any CPU
		{FE003881-2E2E-4CC1-8139-2FBA4837618F}.Debug|Any CPU.ActiveCfg = Debug|Any CPU
		{FE003881-2E2E-4CC1-8139-2FBA4837618F}.Debug|Any CPU.Build.0 = Debug|Any CPU
		{FE003881-2E2E-4CC1-8139-2FBA4837618F}.Release|Any CPU.ActiveCfg = Release|Any CPU
		{FE003881-2E2E-4CC1-8139-2FBA4837618F}.Release|Any CPU.Build.0 = Release|Any CPU
	EndGlobalSection
	GlobalSection(SolutionProperties) = preSolution
		HideSolutionNode = FALSE
	EndGlobalSection
EndGlobal
