
Microsoft Visual Studio Solution File, Format Version 12.00
# Visual Studio 2013
VisualStudioVersion = 12.0.30723.0
MinimumVisualStudioVersion = 10.0.40219.1
Project("{FAE04EC0-301F-11D3-BF4B-00C04F79EFBC}") = "02.FindProducts", "FindProducts\02.FindProducts.csproj", "{C96B08A0-B96B-4751-9B54-7993F909F382}"
EndProject
Project("{FAE04EC0-301F-11D3-BF4B-00C04F79EFBC}") = "03.WordCountInText", "WordCountInText\03.WordCountInText.csproj", "{10B413E7-8802-4A78-BE9E-1A6FE26A8117}"
EndProject
Project("{FAE04EC0-301F-11D3-BF4B-00C04F79EFBC}") = "01.PriorityQueue", "PriorityQueue\01.PriorityQueue.csproj", "{2F4A7B1B-E640-471C-A436-26A3FB04465D}"
EndProject
Global
	GlobalSection(SolutionConfigurationPlatforms) = preSolution
		Debug|Any CPU = Debug|Any CPU
		Release|Any CPU = Release|Any CPU
	EndGlobalSection
	GlobalSection(ProjectConfigurationPlatforms) = postSolution
		{C96B08A0-B96B-4751-9B54-7993F909F382}.Debug|Any CPU.ActiveCfg = Debug|Any CPU
		{C96B08A0-B96B-4751-9B54-7993F909F382}.Debug|Any CPU.Build.0 = Debug|Any CPU
		{C96B08A0-B96B-4751-9B54-7993F909F382}.Release|Any CPU.ActiveCfg = Release|Any CPU
		{C96B08A0-B96B-4751-9B54-7993F909F382}.Release|Any CPU.Build.0 = Release|Any CPU
		{10B413E7-8802-4A78-BE9E-1A6FE26A8117}.Debug|Any CPU.ActiveCfg = Debug|Any CPU
		{10B413E7-8802-4A78-BE9E-1A6FE26A8117}.Debug|Any CPU.Build.0 = Debug|Any CPU
		{10B413E7-8802-4A78-BE9E-1A6FE26A8117}.Release|Any CPU.ActiveCfg = Release|Any CPU
		{10B413E7-8802-4A78-BE9E-1A6FE26A8117}.Release|Any CPU.Build.0 = Release|Any CPU
		{2F4A7B1B-E640-471C-A436-26A3FB04465D}.Debug|Any CPU.ActiveCfg = Debug|Any CPU
		{2F4A7B1B-E640-471C-A436-26A3FB04465D}.Debug|Any CPU.Build.0 = Debug|Any CPU
		{2F4A7B1B-E640-471C-A436-26A3FB04465D}.Release|Any CPU.ActiveCfg = Release|Any CPU
		{2F4A7B1B-E640-471C-A436-26A3FB04465D}.Release|Any CPU.Build.0 = Release|Any CPU
	EndGlobalSection
	GlobalSection(SolutionProperties) = preSolution
		HideSolutionNode = FALSE
	EndGlobalSection
EndGlobal
