
Microsoft Visual Studio Solution File, Format Version 12.00
# Visual Studio 2013
VisualStudioVersion = 12.0.30723.0
MinimumVisualStudioVersion = 10.0.40219.1
Project("{FAE04EC0-301F-11D3-BF4B-00C04F79EFBC}") = "BugLogger.Model", "BugLogger.Model\BugLogger.Model.csproj", "{6FE5FD3D-3838-453A-8D28-EAE2B60D0416}"
EndProject
Project("{FAE04EC0-301F-11D3-BF4B-00C04F79EFBC}") = "BugLogger.Data", "BugLogger.Data\BugLogger.Data.csproj", "{EEBC62F1-CED4-4041-A1F1-235EC6EFA000}"
EndProject
Project("{FAE04EC0-301F-11D3-BF4B-00C04F79EFBC}") = "BugLogger.WebApi.Tests", "BugLogger.WebApi.Tests\BugLogger.WebApi.Tests.csproj", "{D9DBCDC6-0D82-4EAC-92E2-3242C9CB76E9}"
EndProject
Project("{FAE04EC0-301F-11D3-BF4B-00C04F79EFBC}") = "BugLogger.WebApi", "BugLogger.WebApi\BugLogger.WebApi.csproj", "{D6BDD888-539E-4E41-9B28-C3860581F3BA}"
EndProject
Global
	GlobalSection(SolutionConfigurationPlatforms) = preSolution
		Debug|Any CPU = Debug|Any CPU
		Release|Any CPU = Release|Any CPU
	EndGlobalSection
	GlobalSection(ProjectConfigurationPlatforms) = postSolution
		{6FE5FD3D-3838-453A-8D28-EAE2B60D0416}.Debug|Any CPU.ActiveCfg = Debug|Any CPU
		{6FE5FD3D-3838-453A-8D28-EAE2B60D0416}.Debug|Any CPU.Build.0 = Debug|Any CPU
		{6FE5FD3D-3838-453A-8D28-EAE2B60D0416}.Release|Any CPU.ActiveCfg = Release|Any CPU
		{6FE5FD3D-3838-453A-8D28-EAE2B60D0416}.Release|Any CPU.Build.0 = Release|Any CPU
		{EEBC62F1-CED4-4041-A1F1-235EC6EFA000}.Debug|Any CPU.ActiveCfg = Debug|Any CPU
		{EEBC62F1-CED4-4041-A1F1-235EC6EFA000}.Debug|Any CPU.Build.0 = Debug|Any CPU
		{EEBC62F1-CED4-4041-A1F1-235EC6EFA000}.Release|Any CPU.ActiveCfg = Release|Any CPU
		{EEBC62F1-CED4-4041-A1F1-235EC6EFA000}.Release|Any CPU.Build.0 = Release|Any CPU
		{D9DBCDC6-0D82-4EAC-92E2-3242C9CB76E9}.Debug|Any CPU.ActiveCfg = Debug|Any CPU
		{D9DBCDC6-0D82-4EAC-92E2-3242C9CB76E9}.Debug|Any CPU.Build.0 = Debug|Any CPU
		{D9DBCDC6-0D82-4EAC-92E2-3242C9CB76E9}.Release|Any CPU.ActiveCfg = Release|Any CPU
		{D9DBCDC6-0D82-4EAC-92E2-3242C9CB76E9}.Release|Any CPU.Build.0 = Release|Any CPU
		{D6BDD888-539E-4E41-9B28-C3860581F3BA}.Debug|Any CPU.ActiveCfg = Debug|Any CPU
		{D6BDD888-539E-4E41-9B28-C3860581F3BA}.Debug|Any CPU.Build.0 = Debug|Any CPU
		{D6BDD888-539E-4E41-9B28-C3860581F3BA}.Release|Any CPU.ActiveCfg = Release|Any CPU
		{D6BDD888-539E-4E41-9B28-C3860581F3BA}.Release|Any CPU.Build.0 = Release|Any CPU
	EndGlobalSection
	GlobalSection(SolutionProperties) = preSolution
		HideSolutionNode = FALSE
	EndGlobalSection
EndGlobal
