
Microsoft Visual Studio Solution File, Format Version 12.00
# Visual Studio 2013
VisualStudioVersion = 12.0.21005.1
MinimumVisualStudioVersion = 10.0.40219.1
Project("{FAE04EC0-301F-11D3-BF4B-00C04F79EFBC}") = "01 School", "School\01 School.csproj", "{ECDC1AA5-7906-4AA2-9A1E-7FB7220BBA47}"
EndProject
Project("{FAE04EC0-301F-11D3-BF4B-00C04F79EFBC}") = "02 StudentAndWorker", "StudentAndWorker\02 StudentAndWorker.csproj", "{3E3730C3-3529-4AE3-AA44-CD26B32F2BE7}"
EndProject
Project("{FAE04EC0-301F-11D3-BF4B-00C04F79EFBC}") = "03 Animals", "Animals\03 Animals.csproj", "{2C20090E-E991-44CD-A0F6-8D14952F9B0C}"
EndProject
Global
	GlobalSection(SolutionConfigurationPlatforms) = preSolution
		Debug|Any CPU = Debug|Any CPU
		Release|Any CPU = Release|Any CPU
	EndGlobalSection
	GlobalSection(ProjectConfigurationPlatforms) = postSolution
		{ECDC1AA5-7906-4AA2-9A1E-7FB7220BBA47}.Debug|Any CPU.ActiveCfg = Debug|Any CPU
		{ECDC1AA5-7906-4AA2-9A1E-7FB7220BBA47}.Debug|Any CPU.Build.0 = Debug|Any CPU
		{ECDC1AA5-7906-4AA2-9A1E-7FB7220BBA47}.Release|Any CPU.ActiveCfg = Release|Any CPU
		{ECDC1AA5-7906-4AA2-9A1E-7FB7220BBA47}.Release|Any CPU.Build.0 = Release|Any CPU
		{3E3730C3-3529-4AE3-AA44-CD26B32F2BE7}.Debug|Any CPU.ActiveCfg = Debug|Any CPU
		{3E3730C3-3529-4AE3-AA44-CD26B32F2BE7}.Debug|Any CPU.Build.0 = Debug|Any CPU
		{3E3730C3-3529-4AE3-AA44-CD26B32F2BE7}.Release|Any CPU.ActiveCfg = Release|Any CPU
		{3E3730C3-3529-4AE3-AA44-CD26B32F2BE7}.Release|Any CPU.Build.0 = Release|Any CPU
		{2C20090E-E991-44CD-A0F6-8D14952F9B0C}.Debug|Any CPU.ActiveCfg = Debug|Any CPU
		{2C20090E-E991-44CD-A0F6-8D14952F9B0C}.Debug|Any CPU.Build.0 = Debug|Any CPU
		{2C20090E-E991-44CD-A0F6-8D14952F9B0C}.Release|Any CPU.ActiveCfg = Release|Any CPU
		{2C20090E-E991-44CD-A0F6-8D14952F9B0C}.Release|Any CPU.Build.0 = Release|Any CPU
	EndGlobalSection
	GlobalSection(SolutionProperties) = preSolution
		HideSolutionNode = FALSE
	EndGlobalSection
EndGlobal
