
Microsoft Visual Studio Solution File, Format Version 12.00
# Visual Studio 2013
VisualStudioVersion = 12.0.30324.0
MinimumVisualStudioVersion = 10.0.40219.1
Project("{FAE04EC0-301F-11D3-BF4B-00C04F79EFBC}") = "04 MinesweeperGame", "Minesweeper\04 MinesweeperGame.csproj", "{2D2A6C4F-E4D5-437C-AB0F-72865A1189A5}"
EndProject
Project("{FAE04EC0-301F-11D3-BF4B-00C04F79EFBC}") = "01 ConsolePrinter", "ConsolePrinter\01 ConsolePrinter.csproj", "{E1DA29B1-7D20-4E2E-AC61-D9E2591A69A6}"
EndProject
Project("{FAE04EC0-301F-11D3-BF4B-00C04F79EFBC}") = "02 Person", "Person\02 Person.csproj", "{4851A299-2582-48BA-B624-170B0DF1C0E2}"
EndProject
Project("{FAE04EC0-301F-11D3-BF4B-00C04F79EFBC}") = "03 ClickButtonScript", "ClickButtonScript\03 ClickButtonScript.csproj", "{E011E25A-C6C6-4646-9E47-1FE18ABF1F02}"
EndProject
Global
	GlobalSection(SolutionConfigurationPlatforms) = preSolution
		Debug|Any CPU = Debug|Any CPU
		Release|Any CPU = Release|Any CPU
	EndGlobalSection
	GlobalSection(ProjectConfigurationPlatforms) = postSolution
		{2D2A6C4F-E4D5-437C-AB0F-72865A1189A5}.Debug|Any CPU.ActiveCfg = Debug|Any CPU
		{2D2A6C4F-E4D5-437C-AB0F-72865A1189A5}.Debug|Any CPU.Build.0 = Debug|Any CPU
		{2D2A6C4F-E4D5-437C-AB0F-72865A1189A5}.Release|Any CPU.ActiveCfg = Release|Any CPU
		{2D2A6C4F-E4D5-437C-AB0F-72865A1189A5}.Release|Any CPU.Build.0 = Release|Any CPU
		{E1DA29B1-7D20-4E2E-AC61-D9E2591A69A6}.Debug|Any CPU.ActiveCfg = Debug|Any CPU
		{E1DA29B1-7D20-4E2E-AC61-D9E2591A69A6}.Debug|Any CPU.Build.0 = Debug|Any CPU
		{E1DA29B1-7D20-4E2E-AC61-D9E2591A69A6}.Release|Any CPU.ActiveCfg = Release|Any CPU
		{E1DA29B1-7D20-4E2E-AC61-D9E2591A69A6}.Release|Any CPU.Build.0 = Release|Any CPU
		{4851A299-2582-48BA-B624-170B0DF1C0E2}.Debug|Any CPU.ActiveCfg = Debug|Any CPU
		{4851A299-2582-48BA-B624-170B0DF1C0E2}.Debug|Any CPU.Build.0 = Debug|Any CPU
		{4851A299-2582-48BA-B624-170B0DF1C0E2}.Release|Any CPU.ActiveCfg = Release|Any CPU
		{4851A299-2582-48BA-B624-170B0DF1C0E2}.Release|Any CPU.Build.0 = Release|Any CPU
		{E011E25A-C6C6-4646-9E47-1FE18ABF1F02}.Debug|Any CPU.ActiveCfg = Debug|Any CPU
		{E011E25A-C6C6-4646-9E47-1FE18ABF1F02}.Debug|Any CPU.Build.0 = Debug|Any CPU
		{E011E25A-C6C6-4646-9E47-1FE18ABF1F02}.Release|Any CPU.ActiveCfg = Release|Any CPU
		{E011E25A-C6C6-4646-9E47-1FE18ABF1F02}.Release|Any CPU.Build.0 = Release|Any CPU
	EndGlobalSection
	GlobalSection(SolutionProperties) = preSolution
		HideSolutionNode = FALSE
	EndGlobalSection
EndGlobal
