
Microsoft Visual Studio Solution File, Format Version 12.00
# Visual Studio 2013
VisualStudioVersion = 12.0.30723.0
MinimumVisualStudioVersion = 10.0.40219.1
Project("{FAE04EC0-301F-11D3-BF4B-00C04F79EFBC}") = "01.PeshoFriends", "PeshoFriends\01.PeshoFriends.csproj", "{2A8667F0-A3AE-4A18-B90E-A05C47E64A63}"
EndProject
Project("{FAE04EC0-301F-11D3-BF4B-00C04F79EFBC}") = "02.Salaries", "Salaries\02.Salaries.csproj", "{2D1C9BE4-0059-4127-AE64-C17ABDEF06DC}"
EndProject
Project("{FAE04EC0-301F-11D3-BF4B-00C04F79EFBC}") = "03.TVCables", "TVCables\03.TVCables.csproj", "{1B3FD534-6BCE-49B4-BE10-3E833DAE7711}"
EndProject
Global
	GlobalSection(SolutionConfigurationPlatforms) = preSolution
		Debug|Any CPU = Debug|Any CPU
		Release|Any CPU = Release|Any CPU
	EndGlobalSection
	GlobalSection(ProjectConfigurationPlatforms) = postSolution
		{2A8667F0-A3AE-4A18-B90E-A05C47E64A63}.Debug|Any CPU.ActiveCfg = Debug|Any CPU
		{2A8667F0-A3AE-4A18-B90E-A05C47E64A63}.Debug|Any CPU.Build.0 = Debug|Any CPU
		{2A8667F0-A3AE-4A18-B90E-A05C47E64A63}.Release|Any CPU.ActiveCfg = Release|Any CPU
		{2A8667F0-A3AE-4A18-B90E-A05C47E64A63}.Release|Any CPU.Build.0 = Release|Any CPU
		{2D1C9BE4-0059-4127-AE64-C17ABDEF06DC}.Debug|Any CPU.ActiveCfg = Debug|Any CPU
		{2D1C9BE4-0059-4127-AE64-C17ABDEF06DC}.Debug|Any CPU.Build.0 = Debug|Any CPU
		{2D1C9BE4-0059-4127-AE64-C17ABDEF06DC}.Release|Any CPU.ActiveCfg = Release|Any CPU
		{2D1C9BE4-0059-4127-AE64-C17ABDEF06DC}.Release|Any CPU.Build.0 = Release|Any CPU
		{1B3FD534-6BCE-49B4-BE10-3E833DAE7711}.Debug|Any CPU.ActiveCfg = Debug|Any CPU
		{1B3FD534-6BCE-49B4-BE10-3E833DAE7711}.Debug|Any CPU.Build.0 = Debug|Any CPU
		{1B3FD534-6BCE-49B4-BE10-3E833DAE7711}.Release|Any CPU.ActiveCfg = Release|Any CPU
		{1B3FD534-6BCE-49B4-BE10-3E833DAE7711}.Release|Any CPU.Build.0 = Release|Any CPU
	EndGlobalSection
	GlobalSection(SolutionProperties) = preSolution
		HideSolutionNode = FALSE
	EndGlobalSection
EndGlobal
